// !$*UTF8*$!
{
	archiveVersion = 1;
	classes = {
	};
	objectVersion = 50;
	objects = {

/* Begin PBXBuildFile section */
		F39646222655571100CDF777 /* AppDelegate.swift in Sources */ = {isa = PBXBuildFile; fileRef = F39646212655571100CDF777 /* AppDelegate.swift */; };
		F39646242655571100CDF777 /* SceneDelegate.swift in Sources */ = {isa = PBXBuildFile; fileRef = F39646232655571100CDF777 /* SceneDelegate.swift */; };
		F39646262655571100CDF777 /* ViewController.swift in Sources */ = {isa = PBXBuildFile; fileRef = F39646252655571100CDF777 /* ViewController.swift */; };
		F39646292655571100CDF777 /* Main.storyboard in Resources */ = {isa = PBXBuildFile; fileRef = F39646272655571100CDF777 /* Main.storyboard */; };
		F396462B2655571600CDF777 /* Assets.xcassets in Resources */ = {isa = PBXBuildFile; fileRef = F396462A2655571600CDF777 /* Assets.xcassets */; };
		F396462E2655571600CDF777 /* LaunchScreen.storyboard in Resources */ = {isa = PBXBuildFile; fileRef = F396462C2655571600CDF777 /* LaunchScreen.storyboard */; };
		F396463B26555BC600CDF777 /* ReposTableVC.swift in Sources */ = {isa = PBXBuildFile; fileRef = F396463A26555BC600CDF777 /* ReposTableVC.swift */; };
		F396463E26555C3900CDF777 /* MainNavController.swift in Sources */ = {isa = PBXBuildFile; fileRef = F396463D26555C3900CDF777 /* MainNavController.swift */; };
		F39646462655605000CDF777 /* RepositoryModel.swift in Sources */ = {isa = PBXBuildFile; fileRef = F39646452655605000CDF777 /* RepositoryModel.swift */; };
		F396464B265561B900CDF777 /* NetworkService.swift in Sources */ = {isa = PBXBuildFile; fileRef = F396464A265561B900CDF777 /* NetworkService.swift */; };
		F3E43EF52655A69900B04984 /* ReposTableCellView.swift in Sources */ = {isa = PBXBuildFile; fileRef = F3E43EF42655A69900B04984 /* ReposTableCellView.swift */; };
		F3E43EFB2655BAB200B04984 /* Localizable.strings in Resources */ = {isa = PBXBuildFile; fileRef = F3E43EFA2655BAB200B04984 /* Localizable.strings */; };
		F3E43EFF2655BAF500B04984 /* LocalizableConstants.swift in Sources */ = {isa = PBXBuildFile; fileRef = F3E43EFE2655BAF500B04984 /* LocalizableConstants.swift */; };
		F3E43F032655BB7B00B04984 /* Extensions.swift in Sources */ = {isa = PBXBuildFile; fileRef = F3E43F022655BB7B00B04984 /* Extensions.swift */; };
		F3E43F0B2655C4EC00B04984 /* RepoInfoVC.swift in Sources */ = {isa = PBXBuildFile; fileRef = F3E43F0A2655C4EC00B04984 /* RepoInfoVC.swift */; };
/* End PBXBuildFile section */

/* Begin PBXFileReference section */
		F396461E2655571100CDF777 /* RepoList.app */ = {isa = PBXFileReference; explicitFileType = wrapper.application; includeInIndex = 0; path = RepoList.app; sourceTree = BUILT_PRODUCTS_DIR; };
		F39646212655571100CDF777 /* AppDelegate.swift */ = {isa = PBXFileReference; lastKnownFileType = sourcecode.swift; path = AppDelegate.swift; sourceTree = "<group>"; };
		F39646232655571100CDF777 /* SceneDelegate.swift */ = {isa = PBXFileReference; lastKnownFileType = sourcecode.swift; path = SceneDelegate.swift; sourceTree = "<group>"; };
		F39646252655571100CDF777 /* ViewController.swift */ = {isa = PBXFileReference; lastKnownFileType = sourcecode.swift; path = ViewController.swift; sourceTree = "<group>"; };
		F39646282655571100CDF777 /* Base */ = {isa = PBXFileReference; lastKnownFileType = file.storyboard; name = Base; path = Base.lproj/Main.storyboard; sourceTree = "<group>"; };
		F396462A2655571600CDF777 /* Assets.xcassets */ = {isa = PBXFileReference; lastKnownFileType = folder.assetcatalog; path = Assets.xcassets; sourceTree = "<group>"; };
		F396462D2655571600CDF777 /* Base */ = {isa = PBXFileReference; lastKnownFileType = file.storyboard; name = Base; path = Base.lproj/LaunchScreen.storyboard; sourceTree = "<group>"; };
		F396462F2655571600CDF777 /* Info.plist */ = {isa = PBXFileReference; lastKnownFileType = text.plist.xml; path = Info.plist; sourceTree = "<group>"; };
		F396463A26555BC600CDF777 /* ReposTableVC.swift */ = {isa = PBXFileReference; lastKnownFileType = sourcecode.swift; path = ReposTableVC.swift; sourceTree = "<group>"; };
		F396463D26555C3900CDF777 /* MainNavController.swift */ = {isa = PBXFileReference; lastKnownFileType = sourcecode.swift; path = MainNavController.swift; sourceTree = "<group>"; };
		F39646452655605000CDF777 /* RepositoryModel.swift */ = {isa = PBXFileReference; lastKnownFileType = sourcecode.swift; path = RepositoryModel.swift; sourceTree = "<group>"; };
		F396464A265561B900CDF777 /* NetworkService.swift */ = {isa = PBXFileReference; lastKnownFileType = sourcecode.swift; path = NetworkService.swift; sourceTree = "<group>"; };
		F3E43EF42655A69900B04984 /* ReposTableCellView.swift */ = {isa = PBXFileReference; lastKnownFileType = sourcecode.swift; path = ReposTableCellView.swift; sourceTree = "<group>"; };
		F3E43EFA2655BAB200B04984 /* Localizable.strings */ = {isa = PBXFileReference; lastKnownFileType = text.plist.strings; path = Localizable.strings; sourceTree = "<group>"; };
		F3E43EFE2655BAF500B04984 /* LocalizableConstants.swift */ = {isa = PBXFileReference; lastKnownFileType = sourcecode.swift; path = LocalizableConstants.swift; sourceTree = "<group>"; };
		F3E43F022655BB7B00B04984 /* Extensions.swift */ = {isa = PBXFileReference; lastKnownFileType = sourcecode.swift; path = Extensions.swift; sourceTree = "<group>"; };
		F3E43F0A2655C4EC00B04984 /* RepoInfoVC.swift */ = {isa = PBXFileReference; lastKnownFileType = sourcecode.swift; path = RepoInfoVC.swift; sourceTree = "<group>"; };
/* End PBXFileReference section */

/* Begin PBXFrameworksBuildPhase section */
		F396461B2655571100CDF777 /* Frameworks */ = {
			isa = PBXFrameworksBuildPhase;
			buildActionMask = 2147483647;
			files = (
			);
			runOnlyForDeploymentPostprocessing = 0;
		};
/* End PBXFrameworksBuildPhase section */

/* Begin PBXGroup section */
		F39646152655571100CDF777 = {
			isa = PBXGroup;
			children = (
				F39646202655571100CDF777 /* RepoList */,
				F396461F2655571100CDF777 /* Products */,
			);
			sourceTree = "<group>";
		};
		F396461F2655571100CDF777 /* Products */ = {
			isa = PBXGroup;
			children = (
				F396461E2655571100CDF777 /* RepoList.app */,
			);
			name = Products;
			sourceTree = "<group>";
		};
		F39646202655571100CDF777 /* RepoList */ = {
			isa = PBXGroup;
			children = (
				F3E43F012655BB6900B04984 /* Extension */,
				F3E43EF92655BA9600B04984 /* Localization */,
				F3964639265559C400CDF777 /* Service */,
				F3964638265559C000CDF777 /* View */,
				F3964637265559BB00CDF777 /* Model */,
				F3964636265559B500CDF777 /* Controller */,
				F39646212655571100CDF777 /* AppDelegate.swift */,
				F39646232655571100CDF777 /* SceneDelegate.swift */,
				F39646252655571100CDF777 /* ViewController.swift */,
				F39646272655571100CDF777 /* Main.storyboard */,
				F396462A2655571600CDF777 /* Assets.xcassets */,
				F396462C2655571600CDF777 /* LaunchScreen.storyboard */,
				F396462F2655571600CDF777 /* Info.plist */,
			);
			path = RepoList;
			sourceTree = "<group>";
		};
		F3964636265559B500CDF777 /* Controller */ = {
			isa = PBXGroup;
			children = (
				F396463A26555BC600CDF777 /* ReposTableVC.swift */,
				F396463D26555C3900CDF777 /* MainNavController.swift */,
				F3E43F0A2655C4EC00B04984 /* RepoInfoVC.swift */,
			);
			path = Controller;
			sourceTree = "<group>";
		};
		F3964637265559BB00CDF777 /* Model */ = {
			isa = PBXGroup;
			children = (
				F39646452655605000CDF777 /* RepositoryModel.swift */,
			);
			path = Model;
			sourceTree = "<group>";
		};
		F3964638265559C000CDF777 /* View */ = {
			isa = PBXGroup;
			children = (
				F3E43EF42655A69900B04984 /* ReposTableCellView.swift */,
			);
			path = View;
			sourceTree = "<group>";
		};
		F3964639265559C400CDF777 /* Service */ = {
			isa = PBXGroup;
			children = (
				F396464A265561B900CDF777 /* NetworkService.swift */,
			);
			path = Service;
			sourceTree = "<group>";
		};
		F3E43EF92655BA9600B04984 /* Localization */ = {
			isa = PBXGroup;
			children = (
				F3E43EFA2655BAB200B04984 /* Localizable.strings */,
				F3E43EFE2655BAF500B04984 /* LocalizableConstants.swift */,
			);
			path = Localization;
			sourceTree = "<group>";
		};
		F3E43F012655BB6900B04984 /* Extension */ = {
			isa = PBXGroup;
			children = (
				F3E43F022655BB7B00B04984 /* Extensions.swift */,
			);
			path = Extension;
			sourceTree = "<group>";
		};
/* End PBXGroup section */

/* Begin PBXNativeTarget section */
		F396461D2655571100CDF777 /* RepoList */ = {
			isa = PBXNativeTarget;
			buildConfigurationList = F39646322655571600CDF777 /* Build configuration list for PBXNativeTarget "RepoList" */;
			buildPhases = (
				F396461A2655571100CDF777 /* Sources */,
				F396461B2655571100CDF777 /* Frameworks */,
				F396461C2655571100CDF777 /* Resources */,
			);
			buildRules = (
			);
			dependencies = (
			);
			name = RepoList;
			productName = RepoList;
			productReference = F396461E2655571100CDF777 /* RepoList.app */;
			productType = "com.apple.product-type.application";
		};
/* End PBXNativeTarget section */

/* Begin PBXProject section */
		F39646162655571100CDF777 /* Project object */ = {
			isa = PBXProject;
			attributes = {
				LastSwiftUpdateCheck = 1220;
				LastUpgradeCheck = 1220;
				TargetAttributes = {
					F396461D2655571100CDF777 = {
						CreatedOnToolsVersion = 12.2;
					};
				};
			};
			buildConfigurationList = F39646192655571100CDF777 /* Build configuration list for PBXProject "RepoList" */;
			compatibilityVersion = "Xcode 9.3";
			developmentRegion = en;
			hasScannedForEncodings = 0;
			knownRegions = (
				en,
				Base,
			);
			mainGroup = F39646152655571100CDF777;
			productRefGroup = F396461F2655571100CDF777 /* Products */;
			projectDirPath = "";
			projectRoot = "";
			targets = (
				F396461D2655571100CDF777 /* RepoList */,
			);
		};
/* End PBXProject section */

/* Begin PBXResourcesBuildPhase section */
		F396461C2655571100CDF777 /* Resources */ = {
			isa = PBXResourcesBuildPhase;
			buildActionMask = 2147483647;
			files = (
				F396462E2655571600CDF777 /* LaunchScreen.storyboard in Resources */,
				F3E43EFB2655BAB200B04984 /* Localizable.strings in Resources */,
				F396462B2655571600CDF777 /* Assets.xcassets in Resources */,
				F39646292655571100CDF777 /* Main.storyboard in Resources */,
			);
			runOnlyForDeploymentPostprocessing = 0;
		};
/* End PBXResourcesBuildPhase section */

/* Begin PBXSourcesBuildPhase section */
		F396461A2655571100CDF777 /* Sources */ = {
			isa = PBXSourcesBuildPhase;
			buildActionMask = 2147483647;
			files = (
				F396463E26555C3900CDF777 /* MainNavController.swift in Sources */,
				F39646262655571100CDF777 /* ViewController.swift in Sources */,
				F3E43F0B2655C4EC00B04984 /* RepoInfoVC.swift in Sources */,
				F39646462655605000CDF777 /* RepositoryModel.swift in Sources */,
				F39646222655571100CDF777 /* AppDelegate.swift in Sources */,
				F39646242655571100CDF777 /* SceneDelegate.swift in Sources */,
				F3E43F032655BB7B00B04984 /* Extensions.swift in Sources */,
				F3E43EFF2655BAF500B04984 /* LocalizableConstants.swift in Sources */,
				F396463B26555BC600CDF777 /* ReposTableVC.swift in Sources */,
				F396464B265561B900CDF777 /* NetworkService.swift in Sources */,
				F3E43EF52655A69900B04984 /* ReposTableCellView.swift in Sources */,
			);
			runOnlyForDeploymentPostprocessing = 0;
		};
/* End PBXSourcesBuildPhase section */

/* Begin PBXVariantGroup section */
		F39646272655571100CDF777 /* Main.storyboard */ = {
			isa = PBXVariantGroup;
			children = (
				F39646282655571100CDF777 /* Base */,
			);
			name = Main.storyboard;
			sourceTree = "<group>";
		};
		F396462C2655571600CDF777 /* LaunchScreen.storyboard */ = {
			isa = PBXVariantGroup;
			children = (
				F396462D2655571600CDF777 /* Base */,
			);
			name = LaunchScreen.storyboard;
			sourceTree = "<group>";
		};
/* End PBXVariantGroup section */

/* Begin XCBuildConfiguration section */
		F39646302655571600CDF777 /* Debug */ = {
			isa = XCBuildConfiguration;
			buildSettings = {
				ALWAYS_SEARCH_USER_PATHS = NO;
				CLANG_ANALYZER_NONNULL = YES;
				CLANG_ANALYZER_NUMBER_OBJECT_CONVERSION = YES_AGGRESSIVE;
				CLANG_CXX_LANGUAGE_STANDARD = "gnu++14";
				CLANG_CXX_LIBRARY = "libc++";
				CLANG_ENABLE_MODULES = YES;
				CLANG_ENABLE_OBJC_ARC = YES;
				CLANG_ENABLE_OBJC_WEAK = YES;
				CLANG_WARN_BLOCK_CAPTURE_AUTORELEASING = YES;
				CLANG_WARN_BOOL_CONVERSION = YES;
				CLANG_WARN_COMMA = YES;
				CLANG_WARN_CONSTANT_CONVERSION = YES;
				CLANG_WARN_DEPRECATED_OBJC_IMPLEMENTATIONS = YES;
				CLANG_WARN_DIRECT_OBJC_ISA_USAGE = YES_ERROR;
				CLANG_WARN_DOCUMENTATION_COMMENTS = YES;
				CLANG_WARN_EMPTY_BODY = YES;
				CLANG_WARN_ENUM_CONVERSION = YES;
				CLANG_WARN_INFINITE_RECURSION = YES;
				CLANG_WARN_INT_CONVERSION = YES;
				CLANG_WARN_NON_LITERAL_NULL_CONVERSION = YES;
				CLANG_WARN_OBJC_IMPLICIT_RETAIN_SELF = YES;
				CLANG_WARN_OBJC_LITERAL_CONVERSION = YES;
				CLANG_WARN_OBJC_ROOT_CLASS = YES_ERROR;
				CLANG_WARN_QUOTED_INCLUDE_IN_FRAMEWORK_HEADER = YES;
				CLANG_WARN_RANGE_LOOP_ANALYSIS = YES;
				CLANG_WARN_STRICT_PROTOTYPES = YES;
				CLANG_WARN_SUSPICIOUS_MOVE = YES;
				CLANG_WARN_UNGUARDED_AVAILABILITY = YES_AGGRESSIVE;
				CLANG_WARN_UNREACHABLE_CODE = YES;
				CLANG_WARN__DUPLICATE_METHOD_MATCH = YES;
				COPY_PHASE_STRIP = NO;
				DEBUG_INFORMATION_FORMAT = dwarf;
				ENABLE_STRICT_OBJC_MSGSEND = YES;
				ENABLE_TESTABILITY = YES;
				GCC_C_LANGUAGE_STANDARD = gnu11;
				GCC_DYNAMIC_NO_PIC = NO;
				GCC_NO_COMMON_BLOCKS = YES;
				GCC_OPTIMIZATION_LEVEL = 0;
				GCC_PREPROCESSOR_DEFINITIONS = (
					"DEBUG=1",
					"$(inherited)",
				);
				GCC_WARN_64_TO_32_BIT_CONVERSION = YES;
				GCC_WARN_ABOUT_RETURN_TYPE = YES_ERROR;
				GCC_WARN_UNDECLARED_SELECTOR = YES;
				GCC_WARN_UNINITIALIZED_AUTOS = YES_AGGRESSIVE;
				GCC_WARN_UNUSED_FUNCTION = YES;
				GCC_WARN_UNUSED_VARIABLE = YES;
				IPHONEOS_DEPLOYMENT_TARGET = 13.0;
				MTL_ENABLE_DEBUG_INFO = INCLUDE_SOURCE;
				MTL_FAST_MATH = YES;
				ONLY_ACTIVE_ARCH = YES;
				SDKROOT = iphoneos;
				SWIFT_ACTIVE_COMPILATION_CONDITIONS = DEBUG;
				SWIFT_OPTIMIZATION_LEVEL = "-Onone";
			};
			name = Debug;
		};
		F39646312655571600CDF777 /* Release */ = {
			isa = XCBuildConfiguration;
			buildSettings = {
				ALWAYS_SEARCH_USER_PATHS = NO;
				CLANG_ANALYZER_NONNULL = YES;
				CLANG_ANALYZER_NUMBER_OBJECT_CONVERSION = YES_AGGRESSIVE;
				CLANG_CXX_LANGUAGE_STANDARD = "gnu++14";
				CLANG_CXX_LIBRARY = "libc++";
				CLANG_ENABLE_MODULES = YES;
				CLANG_ENABLE_OBJC_ARC = YES;
				CLANG_ENABLE_OBJC_WEAK = YES;
				CLANG_WARN_BLOCK_CAPTURE_AUTORELEASING = YES;
				CLANG_WARN_BOOL_CONVERSION = YES;
				CLANG_WARN_COMMA = YES;
				CLANG_WARN_CONSTANT_CONVERSION = YES;
				CLANG_WARN_DEPRECATED_OBJC_IMPLEMENTATIONS = YES;
				CLANG_WARN_DIRECT_OBJC_ISA_USAGE = YES_ERROR;
				CLANG_WARN_DOCUMENTATION_COMMENTS = YES;
				CLANG_WARN_EMPTY_BODY = YES;
				CLANG_WARN_ENUM_CONVERSION = YES;
				CLANG_WARN_INFINITE_RECURSION = YES;
				CLANG_WARN_INT_CONVERSION = YES;
				CLANG_WARN_NON_LITERAL_NULL_CONVERSION = YES;
				CLANG_WARN_OBJC_IMPLICIT_RETAIN_SELF = YES;
				CLANG_WARN_OBJC_LITERAL_CONVERSION = YES;
				CLANG_WARN_OBJC_ROOT_CLASS = YES_ERROR;
				CLANG_WARN_QUOTED_INCLUDE_IN_FRAMEWORK_HEADER = YES;
				CLANG_WARN_RANGE_LOOP_ANALYSIS = YES;
				CLANG_WARN_STRICT_PROTOTYPES = YES;
				CLANG_WARN_SUSPICIOUS_MOVE = YES;
				CLANG_WARN_UNGUARDED_AVAILABILITY = YES_AGGRESSIVE;
				CLANG_WARN_UNREACHABLE_CODE = YES;
				CLANG_WARN__DUPLICATE_METHOD_MATCH = YES;
				COPY_PHASE_STRIP = NO;
				DEBUG_INFORMATION_FORMAT = "dwarf-with-dsym";
				ENABLE_NS_ASSERTIONS = NO;
				ENABLE_STRICT_OBJC_MSGSEND = YES;
				GCC_C_LANGUAGE_STANDARD = gnu11;
				GCC_NO_COMMON_BLOCKS = YES;
				GCC_WARN_64_TO_32_BIT_CONVERSION = YES;
				GCC_WARN_ABOUT_RETURN_TYPE = YES_ERROR;
				GCC_WARN_UNDECLARED_SELECTOR = YES;
				GCC_WARN_UNINITIALIZED_AUTOS = YES_AGGRESSIVE;
				GCC_WARN_UNUSED_FUNCTION = YES;
				GCC_WARN_UNUSED_VARIABLE = YES;
				IPHONEOS_DEPLOYMENT_TARGET = 13.0;
				MTL_ENABLE_DEBUG_INFO = NO;
				MTL_FAST_MATH = YES;
				SDKROOT = iphoneos;
				SWIFT_COMPILATION_MODE = wholemodule;
				SWIFT_OPTIMIZATION_LEVEL = "-O";
				VALIDATE_PRODUCT = YES;
			};
			name = Release;
		};
		F39646332655571600CDF777 /* Debug */ = {
			isa = XCBuildConfiguration;
			buildSettings = {
				ASSETCATALOG_COMPILER_APPICON_NAME = AppIcon;
				ASSETCATALOG_COMPILER_GLOBAL_ACCENT_COLOR_NAME = AccentColor;
				CODE_SIGN_STYLE = Automatic;
				DEVELOPMENT_TEAM = M67X2W36KY;
				INFOPLIST_FILE = RepoList/Info.plist;
				IPHONEOS_DEPLOYMENT_TARGET = 13.0;
				LD_RUNPATH_SEARCH_PATHS = (
					"$(inherited)",
					"@executable_path/Frameworks",
				);
				PRODUCT_BUNDLE_IDENTIFIER = com.martinmiklas.RepoList;
				PRODUCT_NAME = "$(TARGET_NAME)";
				SWIFT_VERSION = 5.0;
				TARGETED_DEVICE_FAMILY = "1,2";
			};
			name = Debug;
		};
		F39646342655571600CDF777 /* Release */ = {
			isa = XCBuildConfiguration;
			buildSettings = {
				ASSETCATALOG_COMPILER_APPICON_NAME = AppIcon;
				ASSETCATALOG_COMPILER_GLOBAL_ACCENT_COLOR_NAME = AccentColor;
				CODE_SIGN_STYLE = Automatic;
				DEVELOPMENT_TEAM = M67X2W36KY;
				INFOPLIST_FILE = RepoList/Info.plist;
				IPHONEOS_DEPLOYMENT_TARGET = 13.0;
				LD_RUNPATH_SEARCH_PATHS = (
					"$(inherited)",
					"@executable_path/Frameworks",
				);
				PRODUCT_BUNDLE_IDENTIFIER = com.martinmiklas.RepoList;
				PRODUCT_NAME = "$(TARGET_NAME)";
				SWIFT_VERSION = 5.0;
				TARGETED_DEVICE_FAMILY = "1,2";
			};
			name = Release;
		};
/* End XCBuildConfiguration section */

/* Begin XCConfigurationList section */
		F39646192655571100CDF777 /* Build configuration list for PBXProject "RepoList" */ = {
			isa = XCConfigurationList;
			buildConfigurations = (
				F39646302655571600CDF777 /* Debug */,
				F39646312655571600CDF777 /* Release */,
			);
			defaultConfigurationIsVisible = 0;
			defaultConfigurationName = Release;
		};
		F39646322655571600CDF777 /* Build configuration list for PBXNativeTarget "RepoList" */ = {
			isa = XCConfigurationList;
			buildConfigurations = (
				F39646332655571600CDF777 /* Debug */,
				F39646342655571600CDF777 /* Release */,
			);
			defaultConfigurationIsVisible = 0;
			defaultConfigurationName = Release;
		};
/* End XCConfigurationList section */
	};
	rootObject = F39646162655571100CDF777 /* Project object */;
}
